// !$*UTF8*$!
{
	archiveVersion = 1;
	classes = {
	};
	objectVersion = 50;
	objects = {

/* Begin PBXBuildFile section */
		47644B2224AC9A4100C5486D /* AppDelegate.swift in Sources */ = {isa = PBXBuildFile; fileRef = 47644B2124AC9A4100C5486D /* AppDelegate.swift */; };
		47644B2424AC9A4100C5486D /* ViewController.swift in Sources */ = {isa = PBXBuildFile; fileRef = 47644B2324AC9A4100C5486D /* ViewController.swift */; };
		47644B2624AC9A4200C5486D /* Assets.xcassets in Resources */ = {isa = PBXBuildFile; fileRef = 47644B2524AC9A4200C5486D /* Assets.xcassets */; };
		47644B2924AC9A4200C5486D /* Main.storyboard in Resources */ = {isa = PBXBuildFile; fileRef = 47644B2724AC9A4200C5486D /* Main.storyboard */; };
		47AA014D24ADD467003D99D9 /* WebKit.framework in Frameworks */ = {isa = PBXBuildFile; fileRef = 47AA014C24ADD467003D99D9 /* WebKit.framework */; };
/* End PBXBuildFile section */

/* Begin PBXFileReference section */
		473EC61A24ACE8A3002B4B71 /* Netflix DesktopDebug.entitlements */ = {isa = PBXFileReference; lastKnownFileType = text.plist.entitlements; path = "Netflix DesktopDebug.entitlements"; sourceTree = "<group>"; };
		47644B1E24AC9A4100C5486D /* Netflix Desktop.app */ = {isa = PBXFileReference; explicitFileType = wrapper.application; includeInIndex = 0; path = "Netflix Desktop.app"; sourceTree = BUILT_PRODUCTS_DIR; };
		47644B2124AC9A4100C5486D /* AppDelegate.swift */ = {isa = PBXFileReference; lastKnownFileType = sourcecode.swift; path = AppDelegate.swift; sourceTree = "<group>"; };
		47644B2324AC9A4100C5486D /* ViewController.swift */ = {isa = PBXFileReference; lastKnownFileType = sourcecode.swift; path = ViewController.swift; sourceTree = "<group>"; };
		47644B2524AC9A4200C5486D /* Assets.xcassets */ = {isa = PBXFileReference; lastKnownFileType = folder.assetcatalog; path = Assets.xcassets; sourceTree = "<group>"; };
		47644B2824AC9A4200C5486D /* Base */ = {isa = PBXFileReference; lastKnownFileType = file.storyboard; name = Base; path = Base.lproj/Main.storyboard; sourceTree = "<group>"; };
		47644B2A24AC9A4200C5486D /* Info.plist */ = {isa = PBXFileReference; lastKnownFileType = text.plist.xml; path = Info.plist; sourceTree = "<group>"; };
		47644B2B24AC9A4200C5486D /* Netflix_Desktop.entitlements */ = {isa = PBXFileReference; lastKnownFileType = text.plist.entitlements; path = Netflix_Desktop.entitlements; sourceTree = "<group>"; };
		47AA014C24ADD467003D99D9 /* WebKit.framework */ = {isa = PBXFileReference; lastKnownFileType = wrapper.framework; name = WebKit.framework; path = System/Library/Frameworks/WebKit.framework; sourceTree = SDKROOT; };
/* End PBXFileReference section */

/* Begin PBXFrameworksBuildPhase section */
		47644B1B24AC9A4100C5486D /* Frameworks */ = {
			isa = PBXFrameworksBuildPhase;
			buildActionMask = 2147483647;
			files = (
				47AA014D24ADD467003D99D9 /* WebKit.framework in Frameworks */,
			);
			runOnlyForDeploymentPostprocessing = 0;
		};
/* End PBXFrameworksBuildPhase section */

/* Begin PBXGroup section */
		47644B1524AC9A4100C5486D = {
			isa = PBXGroup;
			children = (
				47644B2024AC9A4100C5486D /* Netflix Desktop */,
				47644B1F24AC9A4100C5486D /* Products */,
				47AA014B24ADD467003D99D9 /* Frameworks */,
			);
			sourceTree = "<group>";
		};
		47644B1F24AC9A4100C5486D /* Products */ = {
			isa = PBXGroup;
			children = (
				47644B1E24AC9A4100C5486D /* Netflix Desktop.app */,
			);
			name = Products;
			sourceTree = "<group>";
		};
		47644B2024AC9A4100C5486D /* Netflix Desktop */ = {
			isa = PBXGroup;
			children = (
				473EC61A24ACE8A3002B4B71 /* Netflix DesktopDebug.entitlements */,
				47644B2124AC9A4100C5486D /* AppDelegate.swift */,
				47644B2324AC9A4100C5486D /* ViewController.swift */,
				47644B2524AC9A4200C5486D /* Assets.xcassets */,
				47644B2724AC9A4200C5486D /* Main.storyboard */,
				47644B2A24AC9A4200C5486D /* Info.plist */,
				47644B2B24AC9A4200C5486D /* Netflix_Desktop.entitlements */,
			);
			path = "Netflix Desktop";
			sourceTree = "<group>";
		};
		47AA014B24ADD467003D99D9 /* Frameworks */ = {
			isa = PBXGroup;
			children = (
				47AA014C24ADD467003D99D9 /* WebKit.framework */,
			);
			name = Frameworks;
			sourceTree = "<group>";
		};
/* End PBXGroup section */

/* Begin PBXNativeTarget section */
		47644B1D24AC9A4100C5486D /* Netflix Desktop */ = {
			isa = PBXNativeTarget;
			buildConfigurationList = 47644B2E24AC9A4200C5486D /* Build configuration list for PBXNativeTarget "Netflix Desktop" */;
			buildPhases = (
				47644B1A24AC9A4100C5486D /* Sources */,
				47644B1B24AC9A4100C5486D /* Frameworks */,
				47644B1C24AC9A4100C5486D /* Resources */,
			);
			buildRules = (
			);
			dependencies = (
			);
			name = "Netflix Desktop";
			productName = "Netflix Desktop";
			productReference = 47644B1E24AC9A4100C5486D /* Netflix Desktop.app */;
			productType = "com.apple.product-type.application";
		};
/* End PBXNativeTarget section */

/* Begin PBXProject section */
		47644B1624AC9A4100C5486D /* Project object */ = {
			isa = PBXProject;
			attributes = {
				LastSwiftUpdateCheck = 1150;
				LastUpgradeCheck = 1150;
				ORGANIZATIONNAME = "mayuri kulkarni";
				TargetAttributes = {
					47644B1D24AC9A4100C5486D = {
						CreatedOnToolsVersion = 11.5;
					};
				};
			};
			buildConfigurationList = 47644B1924AC9A4100C5486D /* Build configuration list for PBXProject "Netflix Desktop" */;
			compatibilityVersion = "Xcode 9.3";
			developmentRegion = en;
			hasScannedForEncodings = 0;
			knownRegions = (
				en,
				Base,
			);
			mainGroup = 47644B1524AC9A4100C5486D;
			productRefGroup = 47644B1F24AC9A4100C5486D /* Products */;
			projectDirPath = "";
			projectRoot = "";
			targets = (
				47644B1D24AC9A4100C5486D /* Netflix Desktop */,
			);
		};
/* End PBXProject section */

/* Begin PBXResourcesBuildPhase section */
		47644B1C24AC9A4100C5486D /* Resources */ = {
			isa = PBXResourcesBuildPhase;
			buildActionMask = 2147483647;
			files = (
				47644B2624AC9A4200C5486D /* Assets.xcassets in Resources */,
				47644B2924AC9A4200C5486D /* Main.storyboard in Resources */,
			);
			runOnlyForDeploymentPostprocessing = 0;
		};
/* End PBXResourcesBuildPhase section */

/* Begin PBXSourcesBuildPhase section */
		47644B1A24AC9A4100C5486D /* Sources */ = {
			isa = PBXSourcesBuildPhase;
			buildActionMask = 2147483647;
			files = (
				47644B2424AC9A4100C5486D /* ViewController.swift in Sources */,
				47644B2224AC9A4100C5486D /* AppDelegate.swift in Sources */,
			);
			runOnlyForDeploymentPostprocessing = 0;
		};
/* End PBXSourcesBuildPhase section */

/* Begin PBXVariantGroup section */
		47644B2724AC9A4200C5486D /* Main.storyboard */ = {
			isa = PBXVariantGroup;
			children = (
				47644B2824AC9A4200C5486D /* Base */,
			);
			name = Main.storyboard;
			sourceTree = "<group>";
		};
/* End PBXVariantGroup section */

/* Begin XCBuildConfiguration section */
		47644B2C24AC9A4200C5486D /* Debug */ = {
			isa = XCBuildConfiguration;
			buildSettings = {
				ALWAYS_SEARCH_USER_PATHS = NO;
				CLANG_ANALYZER_NONNULL = YES;
				CLANG_ANALYZER_NUMBER_OBJECT_CONVERSION = YES_AGGRESSIVE;
				CLANG_CXX_LANGUAGE_STANDARD = "gnu++14";
				CLANG_CXX_LIBRARY = "libc++";
				CLANG_ENABLE_MODULES = YES;
				CLANG_ENABLE_OBJC_ARC = YES;
				CLANG_ENABLE_OBJC_WEAK = YES;
				CLANG_WARN_BLOCK_CAPTURE_AUTORELEASING = YES;
				CLANG_WARN_BOOL_CONVERSION = YES;
				CLANG_WARN_COMMA = YES;
				CLANG_WARN_CONSTANT_CONVERSION = YES;
				CLANG_WARN_DEPRECATED_OBJC_IMPLEMENTATIONS = YES;
				CLANG_WARN_DIRECT_OBJC_ISA_USAGE = YES_ERROR;
				CLANG_WARN_DOCUMENTATION_COMMENTS = YES;
				CLANG_WARN_EMPTY_BODY = YES;
				CLANG_WARN_ENUM_CONVERSION = YES;
				CLANG_WARN_INFINITE_RECURSION = YES;
				CLANG_WARN_INT_CONVERSION = YES;
				CLANG_WARN_NON_LITERAL_NULL_CONVERSION = YES;
				CLANG_WARN_OBJC_IMPLICIT_RETAIN_SELF = YES;
				CLANG_WARN_OBJC_LITERAL_CONVERSION = YES;
				CLANG_WARN_OBJC_ROOT_CLASS = YES_ERROR;
				CLANG_WARN_RANGE_LOOP_ANALYSIS = YES;
				CLANG_WARN_STRICT_PROTOTYPES = YES;
				CLANG_WARN_SUSPICIOUS_MOVE = YES;
				CLANG_WARN_UNGUARDED_AVAILABILITY = YES_AGGRESSIVE;
				CLANG_WARN_UNREACHABLE_CODE = YES;
				CLANG_WARN__DUPLICATE_METHOD_MATCH = YES;
				COPY_PHASE_STRIP = NO;
				DEBUG_INFORMATION_FORMAT = dwarf;
				ENABLE_STRICT_OBJC_MSGSEND = YES;
				ENABLE_TESTABILITY = YES;
				GCC_C_LANGUAGE_STANDARD = gnu11;
				GCC_DYNAMIC_NO_PIC = NO;
				GCC_NO_COMMON_BLOCKS = YES;
				GCC_OPTIMIZATION_LEVEL = 0;
				GCC_PREPROCESSOR_DEFINITIONS = (
					"DEBUG=1",
					"$(inherited)",
				);
				GCC_WARN_64_TO_32_BIT_CONVERSION = YES;
				GCC_WARN_ABOUT_RETURN_TYPE = YES_ERROR;
				GCC_WARN_UNDECLARED_SELECTOR = YES;
				GCC_WARN_UNINITIALIZED_AUTOS = YES_AGGRESSIVE;
				GCC_WARN_UNUSED_FUNCTION = YES;
				GCC_WARN_UNUSED_VARIABLE = YES;
				MACOSX_DEPLOYMENT_TARGET = 10.15;
				MTL_ENABLE_DEBUG_INFO = INCLUDE_SOURCE;
				MTL_FAST_MATH = YES;
				ONLY_ACTIVE_ARCH = YES;
				SDKROOT = macosx;
				SWIFT_ACTIVE_COMPILATION_CONDITIONS = DEBUG;
				SWIFT_OPTIMIZATION_LEVEL = "-Onone";
			};
			name = Debug;
		};
		47644B2D24AC9A4200C5486D /* Release */ = {
			isa = XCBuildConfiguration;
			buildSettings = {
				ALWAYS_SEARCH_USER_PATHS = NO;
				CLANG_ANALYZER_NONNULL = YES;
				CLANG_ANALYZER_NUMBER_OBJECT_CONVERSION = YES_AGGRESSIVE;
				CLANG_CXX_LANGUAGE_STANDARD = "gnu++14";
				CLANG_CXX_LIBRARY = "libc++";
				CLANG_ENABLE_MODULES = YES;
				CLANG_ENABLE_OBJC_ARC = YES;
				CLANG_ENABLE_OBJC_WEAK = YES;
				CLANG_WARN_BLOCK_CAPTURE_AUTORELEASING = YES;
				CLANG_WARN_BOOL_CONVERSION = YES;
				CLANG_WARN_COMMA = YES;
				CLANG_WARN_CONSTANT_CONVERSION = YES;
				CLANG_WARN_DEPRECATED_OBJC_IMPLEMENTATIONS = YES;
				CLANG_WARN_DIRECT_OBJC_ISA_USAGE = YES_ERROR;
				CLANG_WARN_DOCUMENTATION_COMMENTS = YES;
				CLANG_WARN_EMPTY_BODY = YES;
				CLANG_WARN_ENUM_CONVERSION = YES;
				CLANG_WARN_INFINITE_RECURSION = YES;
				CLANG_WARN_INT_CONVERSION = YES;
				CLANG_WARN_NON_LITERAL_NULL_CONVERSION = YES;
				CLANG_WARN_OBJC_IMPLICIT_RETAIN_SELF = YES;
				CLANG_WARN_OBJC_LITERAL_CONVERSION = YES;
				CLANG_WARN_OBJC_ROOT_CLASS = YES_ERROR;
				CLANG_WARN_RANGE_LOOP_ANALYSIS = YES;
				CLANG_WARN_STRICT_PROTOTYPES = YES;
				CLANG_WARN_SUSPICIOUS_MOVE = YES;
				CLANG_WARN_UNGUARDED_AVAILABILITY = YES_AGGRESSIVE;
				CLANG_WARN_UNREACHABLE_CODE = YES;
				CLANG_WARN__DUPLICATE_METHOD_MATCH = YES;
				COPY_PHASE_STRIP = NO;
				DEBUG_INFORMATION_FORMAT = "dwarf-with-dsym";
				ENABLE_NS_ASSERTIONS = NO;
				ENABLE_STRICT_OBJC_MSGSEND = YES;
				GCC_C_LANGUAGE_STANDARD = gnu11;
				GCC_NO_COMMON_BLOCKS = YES;
				GCC_WARN_64_TO_32_BIT_CONVERSION = YES;
				GCC_WARN_ABOUT_RETURN_TYPE = YES_ERROR;
				GCC_WARN_UNDECLARED_SELECTOR = YES;
				GCC_WARN_UNINITIALIZED_AUTOS = YES_AGGRESSIVE;
				GCC_WARN_UNUSED_FUNCTION = YES;
				GCC_WARN_UNUSED_VARIABLE = YES;
				MACOSX_DEPLOYMENT_TARGET = 10.15;
				MTL_ENABLE_DEBUG_INFO = NO;
				MTL_FAST_MATH = YES;
				SDKROOT = macosx;
				SWIFT_COMPILATION_MODE = wholemodule;
				SWIFT_OPTIMIZATION_LEVEL = "-O";
			};
			name = Release;
		};
		47644B2F24AC9A4200C5486D /* Debug */ = {
			isa = XCBuildConfiguration;
			buildSettings = {
				ASSETCATALOG_COMPILER_APPICON_NAME = AppIcon;
				CODE_SIGN_ENTITLEMENTS = "Netflix Desktop/Netflix DesktopDebug.entitlements";
				CODE_SIGN_IDENTITY = "-";
				CODE_SIGN_STYLE = Automatic;
				COMBINE_HIDPI_IMAGES = YES;
				DEVELOPMENT_TEAM = 7ZN2TD54M3;
				INFOPLIST_FILE = "Netflix Desktop/Info.plist";
				LD_RUNPATH_SEARCH_PATHS = (
					"$(inherited)",
					"@executable_path/../Frameworks",
				);
				PRODUCT_BUNDLE_IDENTIFIER = "mayuri.Netflix-Desktop";
				PRODUCT_NAME = "$(TARGET_NAME)";
				SWIFT_VERSION = 5.0;
			};
			name = Debug;
		};
		47644B3024AC9A4200C5486D /* Release */ = {
			isa = XCBuildConfiguration;
			buildSettings = {
				ASSETCATALOG_COMPILER_APPICON_NAME = AppIcon;
				CODE_SIGN_ENTITLEMENTS = "Netflix Desktop/Netflix_Desktop.entitlements";
				CODE_SIGN_IDENTITY = "-";
				CODE_SIGN_STYLE = Automatic;
				COMBINE_HIDPI_IMAGES = YES;
				DEVELOPMENT_TEAM = "";
				INFOPLIST_FILE = "Netflix Desktop/Info.plist";
				LD_RUNPATH_SEARCH_PATHS = (
					"$(inherited)",
					"@executable_path/../Frameworks",
				);
				PRODUCT_BUNDLE_IDENTIFIER = "mayuri.Netflix-Desktop";
				PRODUCT_NAME = "$(TARGET_NAME)";
				SWIFT_VERSION = 5.0;
			};
			name = Release;
		};
/* End XCBuildConfiguration section */

/* Begin XCConfigurationList section */
		47644B1924AC9A4100C5486D /* Build configuration list for PBXProject "Netflix Desktop" */ = {
			isa = XCConfigurationList;
			buildConfigurations = (
				47644B2C24AC9A4200C5486D /* Debug */,
				47644B2D24AC9A4200C5486D /* Release */,
			);
			defaultConfigurationIsVisible = 0;
			defaultConfigurationName = Release;
		};
		47644B2E24AC9A4200C5486D /* Build configuration list for PBXNativeTarget "Netflix Desktop" */ = {
			isa = XCConfigurationList;
			buildConfigurations = (
				47644B2F24AC9A4200C5486D /* Debug */,
				47644B3024AC9A4200C5486D /* Release */,
			);
			defaultConfigurationIsVisible = 0;
			defaultConfigurationName = Release;
		};
/* End XCConfigurationList section */
	};
	rootObject = 47644B1624AC9A4100C5486D /* Project object */;
}
